
Microsoft Visual Studio Solution File, Format Version 12.00
# Visual Studio Version 17
VisualStudioVersion = 17.3.32922.545
MinimumVisualStudioVersion = 10.0.40219.1
Project("{FAE04EC0-301F-11D3-BF4B-00C04F79EFBC}") = "AspNetCoreMVC2023", "AspNetCoreMVC2023.csproj", "{457003A1-2F76-4FC5-9BAD-A9C373C8F6DA}"
EndProject
Global
	GlobalSection(SolutionConfigurationPlatforms) = preSolution
		Debug|Any CPU = Debug|Any CPU
		Release|Any CPU = Release|Any CPU
	EndGlobalSection
	GlobalSection(ProjectConfigurationPlatforms) = postSolution
		{457003A1-2F76-4FC5-9BAD-A9C373C8F6DA}.Debug|Any CPU.ActiveCfg = Debug|Any CPU
		{457003A1-2F76-4FC5-9BAD-A9C373C8F6DA}.Debug|Any CPU.Build.0 = Debug|Any CPU
		{457003A1-2F76-4FC5-9BAD-A9C373C8F6DA}.Release|Any CPU.ActiveCfg = Release|Any CPU
		{457003A1-2F76-4FC5-9BAD-A9C373C8F6DA}.Release|Any CPU.Build.0 = Release|Any CPU
	EndGlobalSection
	GlobalSection(SolutionProperties) = preSolution
		HideSolutionNode = FALSE
	EndGlobalSection
	GlobalSection(ExtensibilityGlobals) = postSolution
		SolutionGuid = {A15EF7EE-BDCB-4BED-9C00-44ADFD79A68E}
	EndGlobalSection
EndGlobal
